
Terraform used the selected providers to generate the following execution
plan. Resource actions are indicated with the following symbols:
  + create

Terraform will perform the following actions:

  # aws_autoscaling_attachment.application_tier will be created
  + resource "aws_autoscaling_attachment" "application_tier" {
      + autoscaling_group_name = (known after apply)
      + id                     = (known after apply)
      + lb_target_group_arn    = (known after apply)
    }

  # aws_autoscaling_attachment.presentation_tier will be created
  + resource "aws_autoscaling_attachment" "presentation_tier" {
      + autoscaling_group_name = (known after apply)
      + id                     = (known after apply)
      + lb_target_group_arn    = (known after apply)
    }

  # aws_autoscaling_group.application_tier will be created
  + resource "aws_autoscaling_group" "application_tier" {
      + arn                              = (known after apply)
      + availability_zones               = (known after apply)
      + default_cooldown                 = (known after apply)
      + desired_capacity                 = 2
      + force_delete                     = false
      + force_delete_warm_pool           = false
      + health_check_grace_period        = 300
      + health_check_type                = "EC2"
      + id                               = (known after apply)
      + ignore_failed_scaling_activities = false
      + load_balancers                   = (known after apply)
      + max_size                         = 4
      + metrics_granularity              = "1Minute"
      + min_size                         = 2
      + name                             = "Launch-Temp-ASG-App-Tier"
      + name_prefix                      = (known after apply)
      + predicted_capacity               = (known after apply)
      + protect_from_scale_in            = false
      + service_linked_role_arn          = (known after apply)
      + target_group_arns                = (known after apply)
      + vpc_zone_identifier              = (known after apply)
      + wait_for_capacity_timeout        = "10m"
      + warm_pool_size                   = (known after apply)

      + launch_template {
          + id      = (known after apply)
          + name    = (known after apply)
          + version = "$Latest"
        }

      + mixed_instances_policy (known after apply)

      + tag {
          + key                 = "Name"
          + propagate_at_launch = true
          + value               = "application_app"
        }

      + traffic_source (known after apply)
    }

  # aws_autoscaling_group.presentation_tier will be created
  + resource "aws_autoscaling_group" "presentation_tier" {
      + arn                              = (known after apply)
      + availability_zones               = (known after apply)
      + default_cooldown                 = (known after apply)
      + desired_capacity                 = 2
      + force_delete                     = false
      + force_delete_warm_pool           = false
      + health_check_grace_period        = 300
      + health_check_type                = "EC2"
      + id                               = (known after apply)
      + ignore_failed_scaling_activities = false
      + load_balancers                   = (known after apply)
      + max_size                         = 4
      + metrics_granularity              = "1Minute"
      + min_size                         = 2
      + name                             = "Launch-Temp-ASG-Pres-Tier"
      + name_prefix                      = (known after apply)
      + predicted_capacity               = (known after apply)
      + protect_from_scale_in            = false
      + service_linked_role_arn          = (known after apply)
      + target_group_arns                = (known after apply)
      + vpc_zone_identifier              = (known after apply)
      + wait_for_capacity_timeout        = "10m"
      + warm_pool_size                   = (known after apply)

      + launch_template {
          + id      = (known after apply)
          + name    = (known after apply)
          + version = "$Latest"
        }

      + mixed_instances_policy (known after apply)

      + tag {
          + key                 = "Name"
          + propagate_at_launch = true
          + value               = "presentation_app"
        }

      + traffic_source (known after apply)
    }

  # aws_eip.nat_ip[0] will be created
  + resource "aws_eip" "nat_ip" {
      + allocation_id        = (known after apply)
      + association_id       = (known after apply)
      + carrier_ip           = (known after apply)
      + customer_owned_ip    = (known after apply)
      + domain               = (known after apply)
      + id                   = (known after apply)
      + instance             = (known after apply)
      + network_border_group = (known after apply)
      + network_interface    = (known after apply)
      + private_dns          = (known after apply)
      + private_ip           = (known after apply)
      + public_dns           = (known after apply)
      + public_ip            = (known after apply)
      + public_ipv4_pool     = (known after apply)
      + tags                 = {
          + "Name" = "nat_ip_1"
        }
      + tags_all             = {
          + "Name" = "nat_ip_1"
        }
      + vpc                  = (known after apply)
    }

  # aws_eip.nat_ip[1] will be created
  + resource "aws_eip" "nat_ip" {
      + allocation_id        = (known after apply)
      + association_id       = (known after apply)
      + carrier_ip           = (known after apply)
      + customer_owned_ip    = (known after apply)
      + domain               = (known after apply)
      + id                   = (known after apply)
      + instance             = (known after apply)
      + network_border_group = (known after apply)
      + network_interface    = (known after apply)
      + private_dns          = (known after apply)
      + private_ip           = (known after apply)
      + public_dns           = (known after apply)
      + public_ip            = (known after apply)
      + public_ipv4_pool     = (known after apply)
      + tags                 = {
          + "Name" = "nat_ip_2"
        }
      + tags_all             = {
          + "Name" = "nat_ip_2"
        }
      + vpc                  = (known after apply)
    }

  # aws_iam_instance_profile.ec2_ecr_connection will be created
  + resource "aws_iam_instance_profile" "ec2_ecr_connection" {
      + arn         = (known after apply)
      + create_date = (known after apply)
      + id          = (known after apply)
      + name        = "ec2_ecr_connection"
      + name_prefix = (known after apply)
      + path        = "/"
      + role        = "allow_ec2_access_ecr"
      + tags_all    = (known after apply)
      + unique_id   = (known after apply)
    }

  # aws_iam_role.role will be created
  + resource "aws_iam_role" "role" {
      + arn                   = (known after apply)
      + assume_role_policy    = jsonencode(
            {
              + Statement = [
                  + {
                      + Action    = "sts:AssumeRole"
                      + Effect    = "Allow"
                      + Principal = {
                          + Service = "ec2.amazonaws.com"
                        }
                      + Sid       = ""
                    },
                ]
              + Version   = "2012-10-17"
            }
        )
      + create_date           = (known after apply)
      + force_detach_policies = false
      + id                    = (known after apply)
      + managed_policy_arns   = (known after apply)
      + max_session_duration  = 3600
      + name                  = "allow_ec2_access_ecr"
      + name_prefix           = (known after apply)
      + path                  = "/"
      + tags_all              = (known after apply)
      + unique_id             = (known after apply)

      + inline_policy (known after apply)
    }

  # aws_iam_role_policy.access_ecr_policy will be created
  + resource "aws_iam_role_policy" "access_ecr_policy" {
      + id          = (known after apply)
      + name        = "allow_ec2_access_ecr"
      + name_prefix = (known after apply)
      + policy      = jsonencode(
            {
              + Statement = [
                  + {
                      + Action   = [
                          + "ecr:*",
                        ]
                      + Effect   = "Allow"
                      + Resource = "*"
                    },
                ]
              + Version   = "2012-10-17"
            }
        )
      + role        = (known after apply)
    }

  # aws_internet_gateway.gw will be created
  + resource "aws_internet_gateway" "gw" {
      + arn      = (known after apply)
      + id       = (known after apply)
      + owner_id = (known after apply)
      + tags     = {
          + "Name" = "main"
        }
      + tags_all = {
          + "Name" = "main"
        }
      + vpc_id   = (known after apply)
    }

  # aws_launch_template.application_tier will be created
  + resource "aws_launch_template" "application_tier" {
      + arn             = (known after apply)
      + default_version = (known after apply)
      + id              = (known after apply)
      + image_id        = "ami-06f555bf2f102b63c"
      + instance_type   = "t2.nano"
      + latest_version  = (known after apply)
      + name            = "application_tier"
      + name_prefix     = (known after apply)
      + tags_all        = (known after apply)
      + user_data       = (known after apply)

      + block_device_mappings {
          + device_name = "/dev/xvda"

          + ebs {
              + iops        = (known after apply)
              + throughput  = (known after apply)
              + volume_size = 8
              + volume_type = (known after apply)
            }
        }

      + iam_instance_profile {
          + name = "ec2_ecr_connection"
        }

      + metadata_options (known after apply)

      + network_interfaces {
          + associate_public_ip_address = "false"
          + security_groups             = (known after apply)
        }
    }

  # aws_launch_template.presentation_tier will be created
  + resource "aws_launch_template" "presentation_tier" {
      + arn             = (known after apply)
      + default_version = (known after apply)
      + id              = (known after apply)
      + image_id        = "ami-06f555bf2f102b63c"
      + instance_type   = "t2.nano"
      + latest_version  = (known after apply)
      + name            = "presentation_tier"
      + name_prefix     = (known after apply)
      + tags_all        = (known after apply)
      + user_data       = (known after apply)

      + block_device_mappings {
          + device_name = "/dev/xvda"

          + ebs {
              + iops        = (known after apply)
              + throughput  = (known after apply)
              + volume_size = 8
              + volume_type = (known after apply)
            }
        }

      + iam_instance_profile {
          + name = "ec2_ecr_connection"
        }

      + metadata_options (known after apply)

      + network_interfaces {
          + associate_public_ip_address = "true"
          + security_groups             = (known after apply)
        }
    }

  # aws_lb.application_tier will be created
  + resource "aws_lb" "application_tier" {
      + arn                                                          = (known after apply)
      + arn_suffix                                                   = (known after apply)
      + desync_mitigation_mode                                       = "defensive"
      + dns_name                                                     = (known after apply)
      + drop_invalid_header_fields                                   = false
      + enable_deletion_protection                                   = false
      + enable_http2                                                 = true
      + enable_tls_version_and_cipher_suite_headers                  = false
      + enable_waf_fail_open                                         = false
      + enable_xff_client_port                                       = false
      + enforce_security_group_inbound_rules_on_private_link_traffic = (known after apply)
      + id                                                           = (known after apply)
      + idle_timeout                                                 = 60
      + internal                                                     = true
      + ip_address_type                                              = (known after apply)
      + load_balancer_type                                           = "application"
      + name                                                         = "application-tier-lb"
      + name_prefix                                                  = (known after apply)
      + preserve_host_header                                         = false
      + security_groups                                              = (known after apply)
      + subnets                                                      = (known after apply)
      + tags_all                                                     = (known after apply)
      + vpc_id                                                       = (known after apply)
      + xff_header_processing_mode                                   = "append"
      + zone_id                                                      = (known after apply)

      + subnet_mapping (known after apply)
    }

  # aws_lb.front_end will be created
  + resource "aws_lb" "front_end" {
      + arn                                                          = (known after apply)
      + arn_suffix                                                   = (known after apply)
      + desync_mitigation_mode                                       = "defensive"
      + dns_name                                                     = (known after apply)
      + drop_invalid_header_fields                                   = false
      + enable_deletion_protection                                   = false
      + enable_http2                                                 = true
      + enable_tls_version_and_cipher_suite_headers                  = false
      + enable_waf_fail_open                                         = false
      + enable_xff_client_port                                       = false
      + enforce_security_group_inbound_rules_on_private_link_traffic = (known after apply)
      + id                                                           = (known after apply)
      + idle_timeout                                                 = 60
      + internal                                                     = false
      + ip_address_type                                              = (known after apply)
      + load_balancer_type                                           = "application"
      + name                                                         = "front-end-lb"
      + name_prefix                                                  = (known after apply)
      + preserve_host_header                                         = false
      + security_groups                                              = (known after apply)
      + subnets                                                      = (known after apply)
      + tags_all                                                     = (known after apply)
      + vpc_id                                                       = (known after apply)
      + xff_header_processing_mode                                   = "append"
      + zone_id                                                      = (known after apply)

      + subnet_mapping (known after apply)
    }

  # aws_lb_listener.application_tier will be created
  + resource "aws_lb_listener" "application_tier" {
      + arn               = (known after apply)
      + id                = (known after apply)
      + load_balancer_arn = (known after apply)
      + port              = 80
      + protocol          = "HTTP"
      + ssl_policy        = (known after apply)
      + tags_all          = (known after apply)

      + default_action {
          + order            = (known after apply)
          + target_group_arn = (known after apply)
          + type             = "forward"
        }

      + mutual_authentication (known after apply)
    }

  # aws_lb_listener.front_end will be created
  + resource "aws_lb_listener" "front_end" {
      + arn               = (known after apply)
      + id                = (known after apply)
      + load_balancer_arn = (known after apply)
      + port              = 80
      + protocol          = "HTTP"
      + ssl_policy        = (known after apply)
      + tags_all          = (known after apply)

      + default_action {
          + order            = (known after apply)
          + target_group_arn = (known after apply)
          + type             = "forward"
        }

      + mutual_authentication (known after apply)
    }

  # aws_lb_target_group.application_tier will be created
  + resource "aws_lb_target_group" "application_tier" {
      + arn                                = (known after apply)
      + arn_suffix                         = (known after apply)
      + connection_termination             = (known after apply)
      + deregistration_delay               = "300"
      + id                                 = (known after apply)
      + ip_address_type                    = (known after apply)
      + lambda_multi_value_headers_enabled = false
      + load_balancer_arns                 = (known after apply)
      + load_balancing_algorithm_type      = (known after apply)
      + load_balancing_anomaly_mitigation  = (known after apply)
      + load_balancing_cross_zone_enabled  = (known after apply)
      + name                               = "application-tier-lb-tg"
      + name_prefix                        = (known after apply)
      + port                               = 3000
      + preserve_client_ip                 = (known after apply)
      + protocol                           = "HTTP"
      + protocol_version                   = (known after apply)
      + proxy_protocol_v2                  = false
      + slow_start                         = 0
      + tags_all                           = (known after apply)
      + target_type                        = "instance"
      + vpc_id                             = (known after apply)

      + health_check (known after apply)

      + stickiness (known after apply)

      + target_failover (known after apply)

      + target_health_state (known after apply)
    }

  # aws_lb_target_group.front_end will be created
  + resource "aws_lb_target_group" "front_end" {
      + arn                                = (known after apply)
      + arn_suffix                         = (known after apply)
      + connection_termination             = (known after apply)
      + deregistration_delay               = "300"
      + id                                 = (known after apply)
      + ip_address_type                    = (known after apply)
      + lambda_multi_value_headers_enabled = false
      + load_balancer_arns                 = (known after apply)
      + load_balancing_algorithm_type      = (known after apply)
      + load_balancing_anomaly_mitigation  = (known after apply)
      + load_balancing_cross_zone_enabled  = (known after apply)
      + name                               = "front-end-lb-tg"
      + name_prefix                        = (known after apply)
      + port                               = 3000
      + preserve_client_ip                 = (known after apply)
      + protocol                           = "HTTP"
      + protocol_version                   = (known after apply)
      + proxy_protocol_v2                  = false
      + slow_start                         = 0
      + tags_all                           = (known after apply)
      + target_type                        = "instance"
      + vpc_id                             = (known after apply)

      + health_check (known after apply)

      + stickiness (known after apply)

      + target_failover (known after apply)

      + target_health_state (known after apply)
    }

  # aws_nat_gateway.gw[0] will be created
  + resource "aws_nat_gateway" "gw" {
      + allocation_id                      = (known after apply)
      + association_id                     = (known after apply)
      + connectivity_type                  = "public"
      + id                                 = (known after apply)
      + network_interface_id               = (known after apply)
      + private_ip                         = (known after apply)
      + public_ip                          = (known after apply)
      + secondary_private_ip_address_count = (known after apply)
      + secondary_private_ip_addresses     = (known after apply)
      + subnet_id                          = (known after apply)
      + tags                               = {
          + "Name" = "nat_gw_1"
        }
      + tags_all                           = {
          + "Name" = "nat_gw_1"
        }
    }

  # aws_nat_gateway.gw[1] will be created
  + resource "aws_nat_gateway" "gw" {
      + allocation_id                      = (known after apply)
      + association_id                     = (known after apply)
      + connectivity_type                  = "public"
      + id                                 = (known after apply)
      + network_interface_id               = (known after apply)
      + private_ip                         = (known after apply)
      + public_ip                          = (known after apply)
      + secondary_private_ip_address_count = (known after apply)
      + secondary_private_ip_addresses     = (known after apply)
      + subnet_id                          = (known after apply)
      + tags                               = {
          + "Name" = "nat_gw_2"
        }
      + tags_all                           = {
          + "Name" = "nat_gw_2"
        }
    }

  # aws_route_table.private_route[0] will be created
  + resource "aws_route_table" "private_route" {
      + arn              = (known after apply)
      + id               = (known after apply)
      + owner_id         = (known after apply)
      + propagating_vgws = (known after apply)
      + route            = [
          + {
              + cidr_block                 = "0.0.0.0/0"
              + nat_gateway_id             = (known after apply)
                # (11 unchanged attributes hidden)
            },
        ]
      + tags             = {
          + "Name" = "private_route_1"
        }
      + tags_all         = {
          + "Name" = "private_route_1"
        }
      + vpc_id           = (known after apply)
    }

  # aws_route_table.private_route[1] will be created
  + resource "aws_route_table" "private_route" {
      + arn              = (known after apply)
      + id               = (known after apply)
      + owner_id         = (known after apply)
      + propagating_vgws = (known after apply)
      + route            = [
          + {
              + cidr_block                 = "0.0.0.0/0"
              + nat_gateway_id             = (known after apply)
                # (11 unchanged attributes hidden)
            },
        ]
      + tags             = {
          + "Name" = "private_route_2"
        }
      + tags_all         = {
          + "Name" = "private_route_2"
        }
      + vpc_id           = (known after apply)
    }

  # aws_route_table.public_route will be created
  + resource "aws_route_table" "public_route" {
      + arn              = (known after apply)
      + id               = (known after apply)
      + owner_id         = (known after apply)
      + propagating_vgws = (known after apply)
      + route            = [
          + {
              + cidr_block                 = "0.0.0.0/0"
              + gateway_id                 = (known after apply)
                # (11 unchanged attributes hidden)
            },
        ]
      + tags             = {
          + "Name" = "public_route"
        }
      + tags_all         = {
          + "Name" = "public_route"
        }
      + vpc_id           = (known after apply)
    }

  # aws_route_table_association.private-route[0] will be created
  + resource "aws_route_table_association" "private-route" {
      + id             = (known after apply)
      + route_table_id = (known after apply)
      + subnet_id      = (known after apply)
    }

  # aws_route_table_association.private-route[1] will be created
  + resource "aws_route_table_association" "private-route" {
      + id             = (known after apply)
      + route_table_id = (known after apply)
      + subnet_id      = (known after apply)
    }

  # aws_route_table_association.public_route_association[0] will be created
  + resource "aws_route_table_association" "public_route_association" {
      + id             = (known after apply)
      + route_table_id = (known after apply)
      + subnet_id      = (known after apply)
    }

  # aws_route_table_association.public_route_association[1] will be created
  + resource "aws_route_table_association" "public_route_association" {
      + id             = (known after apply)
      + route_table_id = (known after apply)
      + subnet_id      = (known after apply)
    }

  # aws_secretsmanager_secret.db_credentials will be created
  + resource "aws_secretsmanager_secret" "db_credentials" {
      + arn                            = (known after apply)
      + force_overwrite_replica_secret = false
      + id                             = (known after apply)
      + name                           = "rds-secret"
      + name_prefix                    = (known after apply)
      + policy                         = (known after apply)
      + recovery_window_in_days        = 30
      + tags_all                       = (known after apply)

      + replica (known after apply)
    }

  # aws_secretsmanager_secret_version.db_credentials_version will be created
  + resource "aws_secretsmanager_secret_version" "db_credentials_version" {
      + arn            = (known after apply)
      + id             = (known after apply)
      + secret_id      = (known after apply)
      + secret_string  = (sensitive value)
      + version_id     = (known after apply)
      + version_stages = (known after apply)
    }

  # aws_security_group.alb_application_tier will be created
  + resource "aws_security_group" "alb_application_tier" {
      + arn                    = (known after apply)
      + description            = "Allow HTTP"
      + egress                 = [
          + {
              + cidr_blocks      = [
                  + "0.0.0.0/0",
                ]
              + from_port        = 0
              + ipv6_cidr_blocks = []
              + prefix_list_ids  = []
              + protocol         = "-1"
              + security_groups  = []
              + self             = false
              + to_port          = 0
                # (1 unchanged attribute hidden)
            },
        ]
      + id                     = (known after apply)
      + ingress                = [
          + {
              + cidr_blocks      = []
              + description      = "HTTP from anywhere"
              + from_port        = 3000
              + ipv6_cidr_blocks = []
              + prefix_list_ids  = []
              + protocol         = "tcp"
              + security_groups  = (known after apply)
              + self             = false
              + to_port          = 3000
            },
          + {
              + cidr_blocks      = []
              + description      = "HTTP from anywhere"
              + from_port        = 80
              + ipv6_cidr_blocks = []
              + prefix_list_ids  = []
              + protocol         = "tcp"
              + security_groups  = (known after apply)
              + self             = false
              + to_port          = 80
            },
        ]
      + name                   = "allow_connection_to_alb_application_tier"
      + name_prefix            = (known after apply)
      + owner_id               = (known after apply)
      + revoke_rules_on_delete = false
      + tags                   = {
          + "Name" = "alb_application_tier_sg"
        }
      + tags_all               = {
          + "Name" = "alb_application_tier_sg"
        }
      + vpc_id                 = (known after apply)
    }

  # aws_security_group.alb_presentation_tier will be created
  + resource "aws_security_group" "alb_presentation_tier" {
      + arn                    = (known after apply)
      + description            = "Allow HTTP"
      + egress                 = [
          + {
              + cidr_blocks      = [
                  + "0.0.0.0/0",
                ]
              + from_port        = 0
              + ipv6_cidr_blocks = []
              + prefix_list_ids  = []
              + protocol         = "-1"
              + security_groups  = []
              + self             = false
              + to_port          = 0
                # (1 unchanged attribute hidden)
            },
        ]
      + id                     = (known after apply)
      + ingress                = [
          + {
              + cidr_blocks      = [
                  + "0.0.0.0/0",
                ]
              + description      = "HTTP from anywhere"
              + from_port        = 3000
              + ipv6_cidr_blocks = [
                  + "::/0",
                ]
              + prefix_list_ids  = []
              + protocol         = "tcp"
              + security_groups  = []
              + self             = false
              + to_port          = 3000
            },
          + {
              + cidr_blocks      = [
                  + "0.0.0.0/0",
                ]
              + description      = "HTTP from anywhere"
              + from_port        = 80
              + ipv6_cidr_blocks = [
                  + "::/0",
                ]
              + prefix_list_ids  = []
              + protocol         = "tcp"
              + security_groups  = []
              + self             = false
              + to_port          = 80
            },
        ]
      + name                   = "allow_connection_to_alb_presentation_tier"
      + name_prefix            = (known after apply)
      + owner_id               = (known after apply)
      + revoke_rules_on_delete = false
      + tags                   = {
          + "Name" = "alb_presentation_tier_sg"
        }
      + tags_all               = {
          + "Name" = "alb_presentation_tier_sg"
        }
      + vpc_id                 = (known after apply)
    }

  # aws_security_group.application_tier will be created
  + resource "aws_security_group" "application_tier" {
      + arn                    = (known after apply)
      + description            = "Allow HTTP"
      + egress                 = [
          + {
              + cidr_blocks      = [
                  + "0.0.0.0/0",
                ]
              + from_port        = 0
              + ipv6_cidr_blocks = [
                  + "::/0",
                ]
              + prefix_list_ids  = []
              + protocol         = "-1"
              + security_groups  = []
              + self             = false
              + to_port          = 0
                # (1 unchanged attribute hidden)
            },
        ]
      + id                     = (known after apply)
      + ingress                = [
          + {
              + cidr_blocks      = []
              + description      = "HTTP from public subnet"
              + from_port        = 3000
              + ipv6_cidr_blocks = []
              + prefix_list_ids  = []
              + protocol         = "tcp"
              + security_groups  = (known after apply)
              + self             = false
              + to_port          = 3000
            },
          + {
              + cidr_blocks      = []
              + description      = "HTTP from public subnet"
              + from_port        = 80
              + ipv6_cidr_blocks = []
              + prefix_list_ids  = []
              + protocol         = "tcp"
              + security_groups  = (known after apply)
              + self             = false
              + to_port          = 80
            },
        ]
      + name                   = "allow_connection_to_application_tier"
      + name_prefix            = (known after apply)
      + owner_id               = (known after apply)
      + revoke_rules_on_delete = false
      + tags                   = {
          + "Name" = "application_tier_sg"
        }
      + tags_all               = {
          + "Name" = "application_tier_sg"
        }
      + vpc_id                 = (known after apply)
    }

  # aws_security_group.presentation_tier will be created
  + resource "aws_security_group" "presentation_tier" {
      + arn                    = (known after apply)
      + description            = "Allow HTTP"
      + egress                 = [
          + {
              + cidr_blocks      = [
                  + "0.0.0.0/0",
                ]
              + from_port        = 0
              + ipv6_cidr_blocks = []
              + prefix_list_ids  = []
              + protocol         = "-1"
              + security_groups  = []
              + self             = false
              + to_port          = 0
                # (1 unchanged attribute hidden)
            },
        ]
      + id                     = (known after apply)
      + ingress                = [
          + {
              + cidr_blocks      = []
              + description      = "HTTP from anywhere"
              + from_port        = 3000
              + ipv6_cidr_blocks = []
              + prefix_list_ids  = []
              + protocol         = "tcp"
              + security_groups  = (known after apply)
              + self             = false
              + to_port          = 3000
            },
          + {
              + cidr_blocks      = []
              + description      = "HTTP from anywhere"
              + from_port        = 80
              + ipv6_cidr_blocks = []
              + prefix_list_ids  = []
              + protocol         = "tcp"
              + security_groups  = (known after apply)
              + self             = false
              + to_port          = 80
            },
        ]
      + name                   = "allow_connection_to_presentation_tier"
      + name_prefix            = (known after apply)
      + owner_id               = (known after apply)
      + revoke_rules_on_delete = false
      + tags                   = {
          + "Name" = "presentation_tier_sg"
        }
      + tags_all               = {
          + "Name" = "presentation_tier_sg"
        }
      + vpc_id                 = (known after apply)
    }

  # aws_subnet.private_subnets[0] will be created
  + resource "aws_subnet" "private_subnets" {
      + arn                                            = (known after apply)
      + assign_ipv6_address_on_creation                = false
      + availability_zone                              = "us-east-1a"
      + availability_zone_id                           = (known after apply)
      + cidr_block                                     = "10.0.3.0/24"
      + enable_dns64                                   = false
      + enable_resource_name_dns_a_record_on_launch    = false
      + enable_resource_name_dns_aaaa_record_on_launch = false
      + id                                             = (known after apply)
      + ipv6_cidr_block_association_id                 = (known after apply)
      + ipv6_native                                    = false
      + map_public_ip_on_launch                        = false
      + owner_id                                       = (known after apply)
      + private_dns_hostname_type_on_launch            = (known after apply)
      + tags                                           = {
          + "Name" = "private_subnet_1"
        }
      + tags_all                                       = {
          + "Name" = "private_subnet_1"
        }
      + vpc_id                                         = (known after apply)
    }

  # aws_subnet.private_subnets[1] will be created
  + resource "aws_subnet" "private_subnets" {
      + arn                                            = (known after apply)
      + assign_ipv6_address_on_creation                = false
      + availability_zone                              = "us-east-1b"
      + availability_zone_id                           = (known after apply)
      + cidr_block                                     = "10.0.4.0/24"
      + enable_dns64                                   = false
      + enable_resource_name_dns_a_record_on_launch    = false
      + enable_resource_name_dns_aaaa_record_on_launch = false
      + id                                             = (known after apply)
      + ipv6_cidr_block_association_id                 = (known after apply)
      + ipv6_native                                    = false
      + map_public_ip_on_launch                        = false
      + owner_id                                       = (known after apply)
      + private_dns_hostname_type_on_launch            = (known after apply)
      + tags                                           = {
          + "Name" = "private_subnet_2"
        }
      + tags_all                                       = {
          + "Name" = "private_subnet_2"
        }
      + vpc_id                                         = (known after apply)
    }

  # aws_subnet.public_subnets[0] will be created
  + resource "aws_subnet" "public_subnets" {
      + arn                                            = (known after apply)
      + assign_ipv6_address_on_creation                = false
      + availability_zone                              = "us-east-1a"
      + availability_zone_id                           = (known after apply)
      + cidr_block                                     = "10.0.1.0/24"
      + enable_dns64                                   = false
      + enable_resource_name_dns_a_record_on_launch    = false
      + enable_resource_name_dns_aaaa_record_on_launch = false
      + id                                             = (known after apply)
      + ipv6_cidr_block_association_id                 = (known after apply)
      + ipv6_native                                    = false
      + map_public_ip_on_launch                        = true
      + owner_id                                       = (known after apply)
      + private_dns_hostname_type_on_launch            = (known after apply)
      + tags                                           = {
          + "Name" = "public_subnet_1"
        }
      + tags_all                                       = {
          + "Name" = "public_subnet_1"
        }
      + vpc_id                                         = (known after apply)
    }

  # aws_subnet.public_subnets[1] will be created
  + resource "aws_subnet" "public_subnets" {
      + arn                                            = (known after apply)
      + assign_ipv6_address_on_creation                = false
      + availability_zone                              = "us-east-1b"
      + availability_zone_id                           = (known after apply)
      + cidr_block                                     = "10.0.2.0/24"
      + enable_dns64                                   = false
      + enable_resource_name_dns_a_record_on_launch    = false
      + enable_resource_name_dns_aaaa_record_on_launch = false
      + id                                             = (known after apply)
      + ipv6_cidr_block_association_id                 = (known after apply)
      + ipv6_native                                    = false
      + map_public_ip_on_launch                        = true
      + owner_id                                       = (known after apply)
      + private_dns_hostname_type_on_launch            = (known after apply)
      + tags                                           = {
          + "Name" = "public_subnet_2"
        }
      + tags_all                                       = {
          + "Name" = "public_subnet_2"
        }
      + vpc_id                                         = (known after apply)
    }

  # aws_vpc.main will be created
  + resource "aws_vpc" "main" {
      + arn                                  = (known after apply)
      + cidr_block                           = "10.0.0.0/16"
      + default_network_acl_id               = (known after apply)
      + default_route_table_id               = (known after apply)
      + default_security_group_id            = (known after apply)
      + dhcp_options_id                      = (known after apply)
      + enable_dns_hostnames                 = true
      + enable_dns_support                   = true
      + enable_network_address_usage_metrics = (known after apply)
      + id                                   = (known after apply)
      + instance_tenancy                     = "default"
      + ipv6_association_id                  = (known after apply)
      + ipv6_cidr_block                      = (known after apply)
      + ipv6_cidr_block_network_border_group = (known after apply)
      + main_route_table_id                  = (known after apply)
      + owner_id                             = (known after apply)
      + tags                                 = {
          + "Name" = "main"
        }
      + tags_all                             = {
          + "Name" = "main"
        }
    }

  # module.rds.aws_db_instance.rds will be created
  + resource "aws_db_instance" "rds" {
      + address                               = (known after apply)
      + allocated_storage                     = 10
      + apply_immediately                     = false
      + arn                                   = (known after apply)
      + auto_minor_version_upgrade            = true
      + availability_zone                     = (known after apply)
      + backup_retention_period               = (known after apply)
      + backup_target                         = (known after apply)
      + backup_window                         = (known after apply)
      + ca_cert_identifier                    = (known after apply)
      + character_set_name                    = (known after apply)
      + copy_tags_to_snapshot                 = false
      + db_name                               = "mydb"
      + db_subnet_group_name                  = (known after apply)
      + delete_automated_backups              = true
      + domain_fqdn                           = (known after apply)
      + endpoint                              = (known after apply)
      + engine                                = "mysql"
      + engine_version                        = "8.0"
      + engine_version_actual                 = (known after apply)
      + hosted_zone_id                        = (known after apply)
      + id                                    = (known after apply)
      + identifier                            = (known after apply)
      + identifier_prefix                     = (known after apply)
      + instance_class                        = "db.t3.micro"
      + iops                                  = (known after apply)
      + kms_key_id                            = (known after apply)
      + latest_restorable_time                = (known after apply)
      + license_model                         = (known after apply)
      + listener_endpoint                     = (known after apply)
      + maintenance_window                    = (known after apply)
      + master_user_secret                    = (known after apply)
      + master_user_secret_kms_key_id         = (known after apply)
      + monitoring_interval                   = 0
      + monitoring_role_arn                   = (known after apply)
      + multi_az                              = false
      + nchar_character_set_name              = (known after apply)
      + network_type                          = (known after apply)
      + option_group_name                     = (known after apply)
      + parameter_group_name                  = (known after apply)
      + password                              = (sensitive value)
      + performance_insights_enabled          = false
      + performance_insights_kms_key_id       = (known after apply)
      + performance_insights_retention_period = (known after apply)
      + port                                  = (known after apply)
      + publicly_accessible                   = false
      + replica_mode                          = (known after apply)
      + replicas                              = (known after apply)
      + resource_id                           = (known after apply)
      + skip_final_snapshot                   = true
      + snapshot_identifier                   = (known after apply)
      + status                                = (known after apply)
      + storage_throughput                    = (known after apply)
      + storage_type                          = (known after apply)
      + tags_all                              = (known after apply)
      + timezone                              = (known after apply)
      + username                              = "admin"
      + vpc_security_group_ids                = (known after apply)
    }

  # module.rds.aws_db_subnet_group.db-subnet-group will be created
  + resource "aws_db_subnet_group" "db-subnet-group" {
      + arn                     = (known after apply)
      + description             = "Managed by Terraform"
      + id                      = (known after apply)
      + name                    = "db_subnet_group"
      + name_prefix             = (known after apply)
      + subnet_ids              = (known after apply)
      + supported_network_types = (known after apply)
      + tags                    = {
          + "Name" = "db_subnet_group"
        }
      + tags_all                = {
          + "Name" = "db_subnet_group"
        }
      + vpc_id                  = (known after apply)
    }

  # module.rds.aws_security_group.rds-sg will be created
  + resource "aws_security_group" "rds-sg" {
      + arn                    = (known after apply)
      + description            = "Allows application tier to access the RDS instance"
      + egress                 = [
          + {
              + cidr_blocks      = [
                  + "0.0.0.0/0",
                ]
              + from_port        = 0
              + ipv6_cidr_blocks = []
              + prefix_list_ids  = []
              + protocol         = "-1"
              + security_groups  = []
              + self             = false
              + to_port          = 0
                # (1 unchanged attribute hidden)
            },
        ]
      + id                     = (known after apply)
      + ingress                = [
          + {
              + cidr_blocks      = []
              + description      = "EC2 to MYSQL"
              + from_port        = 3306
              + ipv6_cidr_blocks = []
              + prefix_list_ids  = []
              + protocol         = "tcp"
              + security_groups  = (known after apply)
              + self             = false
              + to_port          = 3306
            },
        ]
      + name                   = "RDSSG"
      + name_prefix            = (known after apply)
      + owner_id               = (known after apply)
      + revoke_rules_on_delete = false
      + tags                   = {
          + "Name" = "rds_sg"
        }
      + tags_all               = {
          + "Name" = "rds_sg"
        }
      + vpc_id                 = (known after apply)
    }

Plan: 41 to add, 0 to change, 0 to destroy.

Changes to Outputs:
  + lb_dns_url = (known after apply)
